
Microsoft Visual Studio Solution File, Format Version 12.00
# Visual Studio Version 17
VisualStudioVersion = 17.11.35327.3
MinimumVisualStudioVersion = 10.0.40219.1
Project("{FAE04EC0-301F-11D3-BF4B-00C04F79EFBC}") = "TerminvereinbarungLib", "TerminvereinbarungLib\TerminvereinbarungLib.csproj", "{85FF69F8-4F09-4561-835D-D312ACFBC158}"
EndProject
Project("{FAE04EC0-301F-11D3-BF4B-00C04F79EFBC}") = "TerminvereinbarungApplication", "TerminvereinbarungApplication\TerminvereinbarungApplication.csproj", "{9E4A4BE7-83DD-4488-ABA0-C70DE16C57B9}"
EndProject
Global
	GlobalSection(SolutionConfigurationPlatforms) = preSolution
		Debug|Any CPU = Debug|Any CPU
		Release|Any CPU = Release|Any CPU
	EndGlobalSection
	GlobalSection(ProjectConfigurationPlatforms) = postSolution
		{85FF69F8-4F09-4561-835D-D312ACFBC158}.Debug|Any CPU.ActiveCfg = Debug|Any CPU
		{85FF69F8-4F09-4561-835D-D312ACFBC158}.Debug|Any CPU.Build.0 = Debug|Any CPU
		{85FF69F8-4F09-4561-835D-D312ACFBC158}.Release|Any CPU.ActiveCfg = Release|Any CPU
		{85FF69F8-4F09-4561-835D-D312ACFBC158}.Release|Any CPU.Build.0 = Release|Any CPU
		{9E4A4BE7-83DD-4488-ABA0-C70DE16C57B9}.Debug|Any CPU.ActiveCfg = Debug|Any CPU
		{9E4A4BE7-83DD-4488-ABA0-C70DE16C57B9}.Debug|Any CPU.Build.0 = Debug|Any CPU
		{9E4A4BE7-83DD-4488-ABA0-C70DE16C57B9}.Release|Any CPU.ActiveCfg = Release|Any CPU
		{9E4A4BE7-83DD-4488-ABA0-C70DE16C57B9}.Release|Any CPU.Build.0 = Release|Any CPU
	EndGlobalSection
	GlobalSection(SolutionProperties) = preSolution
		HideSolutionNode = FALSE
	EndGlobalSection
	GlobalSection(ExtensibilityGlobals) = postSolution
		SolutionGuid = {1D75A8E3-4A92-4C34-BB49-69ED4F5E6C13}
	EndGlobalSection
EndGlobal
